<?xml version="1.0" encoding="utf-8"?>
<Project ToolsVersion="17.0" xmlns="http://schemas.microsoft.com/developer/msbuild/2003">
  <ItemGroup>
    <ClCompile Include="G:\Engine_file\gameEngine\GameEngineStart\GameEngine\Asset\Shaders\hlsl\main.cpp">
      <Filter>Source Files</Filter>
    </ClCompile>
  </ItemGroup>
  <ItemGroup>
    <CustomBuild Include="G:\Engine_file\gameEngine\GameEngineStart\GameEngine\Asset\Shaders\hlsl\CMakeLists.txt" />
  </ItemGroup>
  <ItemGroup>
    <FXCompile Include="G:\Engine_file\gameEngine\GameEngineStart\GameEngine\Asset\Shaders\hlsl\Algorithm\Lighting.hlsl">
      <Filter>Algorithm</Filter>
    </FXCompile>
    <FXCompile Include="G:\Engine_file\gameEngine\GameEngineStart\GameEngine\Asset\Shaders\hlsl\Cube\Cube_PS.hlsl">
      <Filter>Cube</Filter>
    </FXCompile>
    <FXCompile Include="G:\Engine_file\gameEngine\GameEngineStart\GameEngine\Asset\Shaders\hlsl\Cube\Cube_VS.hlsl">
      <Filter>Cube</Filter>
    </FXCompile>
    <FXCompile Include="G:\Engine_file\gameEngine\GameEngineStart\GameEngine\Asset\Shaders\hlsl\ToyCar\Fabric_PS.hlsl">
      <Filter>ToyCar</Filter>
    </FXCompile>
    <FXCompile Include="G:\Engine_file\gameEngine\GameEngineStart\GameEngine\Asset\Shaders\hlsl\ToyCar\Fabric_VS.hlsl">
      <Filter>ToyCar</Filter>
    </FXCompile>
    <FXCompile Include="G:\Engine_file\gameEngine\GameEngineStart\GameEngine\Asset\Shaders\hlsl\ToyCar\ToyCar_PS.hlsl">
      <Filter>ToyCar</Filter>
    </FXCompile>
    <FXCompile Include="G:\Engine_file\gameEngine\GameEngineStart\GameEngine\Asset\Shaders\hlsl\ToyCar\ToyCar_VS.hlsl">
      <Filter>ToyCar</Filter>
    </FXCompile>
    <FXCompile Include="G:\Engine_file\gameEngine\GameEngineStart\GameEngine\Asset\Shaders\hlsl\ABeautifulGame\Bishop_Black_PS.hlsl">
      <Filter>ABeautifulGame</Filter>
    </FXCompile>
    <FXCompile Include="G:\Engine_file\gameEngine\GameEngineStart\GameEngine\Asset\Shaders\hlsl\ABeautifulGame\Bishop_Black_VS.hlsl">
      <Filter>ABeautifulGame</Filter>
    </FXCompile>
    <FXCompile Include="G:\Engine_file\gameEngine\GameEngineStart\GameEngine\Asset\Shaders\hlsl\ABeautifulGame\Bishop_White_PS.hlsl">
      <Filter>ABeautifulGame</Filter>
    </FXCompile>
    <FXCompile Include="G:\Engine_file\gameEngine\GameEngineStart\GameEngine\Asset\Shaders\hlsl\ABeautifulGame\Bishop_White_VS.hlsl">
      <Filter>ABeautifulGame</Filter>
    </FXCompile>
    <FXCompile Include="G:\Engine_file\gameEngine\GameEngineStart\GameEngine\Asset\Shaders\hlsl\ABeautifulGame\Castle_Black_PS.hlsl">
      <Filter>ABeautifulGame</Filter>
    </FXCompile>
    <FXCompile Include="G:\Engine_file\gameEngine\GameEngineStart\GameEngine\Asset\Shaders\hlsl\ABeautifulGame\Castle_Black_VS.hlsl">
      <Filter>ABeautifulGame</Filter>
    </FXCompile>
    <FXCompile Include="G:\Engine_file\gameEngine\GameEngineStart\GameEngine\Asset\Shaders\hlsl\ABeautifulGame\Castle_White_PS.hlsl">
      <Filter>ABeautifulGame</Filter>
    </FXCompile>
    <FXCompile Include="G:\Engine_file\gameEngine\GameEngineStart\GameEngine\Asset\Shaders\hlsl\ABeautifulGame\Castle_White_VS.hlsl">
      <Filter>ABeautifulGame</Filter>
    </FXCompile>
    <FXCompile Include="G:\Engine_file\gameEngine\GameEngineStart\GameEngine\Asset\Shaders\hlsl\ABeautifulGame\Chessboard_PS.hlsl">
      <Filter>ABeautifulGame</Filter>
    </FXCompile>
    <FXCompile Include="G:\Engine_file\gameEngine\GameEngineStart\GameEngine\Asset\Shaders\hlsl\ABeautifulGame\Chessboard_VS.hlsl">
      <Filter>ABeautifulGame</Filter>
    </FXCompile>
    <FXCompile Include="G:\Engine_file\gameEngine\GameEngineStart\GameEngine\Asset\Shaders\hlsl\ABeautifulGame\King_Black_PS.hlsl">
      <Filter>ABeautifulGame</Filter>
    </FXCompile>
    <FXCompile Include="G:\Engine_file\gameEngine\GameEngineStart\GameEngine\Asset\Shaders\hlsl\ABeautifulGame\King_Black_VS.hlsl">
      <Filter>ABeautifulGame</Filter>
    </FXCompile>
    <FXCompile Include="G:\Engine_file\gameEngine\GameEngineStart\GameEngine\Asset\Shaders\hlsl\ABeautifulGame\King_White_PS.hlsl">
      <Filter>ABeautifulGame</Filter>
    </FXCompile>
    <FXCompile Include="G:\Engine_file\gameEngine\GameEngineStart\GameEngine\Asset\Shaders\hlsl\ABeautifulGame\King_White_VS.hlsl">
      <Filter>ABeautifulGame</Filter>
    </FXCompile>
    <FXCompile Include="G:\Engine_file\gameEngine\GameEngineStart\GameEngine\Asset\Shaders\hlsl\ABeautifulGame\Knight_Black_PS.hlsl">
      <Filter>ABeautifulGame</Filter>
    </FXCompile>
    <FXCompile Include="G:\Engine_file\gameEngine\GameEngineStart\GameEngine\Asset\Shaders\hlsl\ABeautifulGame\Knight_Black_VS.hlsl">
      <Filter>ABeautifulGame</Filter>
    </FXCompile>
    <FXCompile Include="G:\Engine_file\gameEngine\GameEngineStart\GameEngine\Asset\Shaders\hlsl\ABeautifulGame\Knight_White_PS.hlsl">
      <Filter>ABeautifulGame</Filter>
    </FXCompile>
    <FXCompile Include="G:\Engine_file\gameEngine\GameEngineStart\GameEngine\Asset\Shaders\hlsl\ABeautifulGame\Knight_White_VS.hlsl">
      <Filter>ABeautifulGame</Filter>
    </FXCompile>
    <FXCompile Include="G:\Engine_file\gameEngine\GameEngineStart\GameEngine\Asset\Shaders\hlsl\ABeautifulGame\Pawn_Body_Black_PS.hlsl">
      <Filter>ABeautifulGame</Filter>
    </FXCompile>
    <FXCompile Include="G:\Engine_file\gameEngine\GameEngineStart\GameEngine\Asset\Shaders\hlsl\ABeautifulGame\Pawn_Body_Black_VS.hlsl">
      <Filter>ABeautifulGame</Filter>
    </FXCompile>
    <FXCompile Include="G:\Engine_file\gameEngine\GameEngineStart\GameEngine\Asset\Shaders\hlsl\ABeautifulGame\Pawn_Body_White_PS.hlsl">
      <Filter>ABeautifulGame</Filter>
    </FXCompile>
    <FXCompile Include="G:\Engine_file\gameEngine\GameEngineStart\GameEngine\Asset\Shaders\hlsl\ABeautifulGame\Pawn_Body_White_VS.hlsl">
      <Filter>ABeautifulGame</Filter>
    </FXCompile>
    <FXCompile Include="G:\Engine_file\gameEngine\GameEngineStart\GameEngine\Asset\Shaders\hlsl\ABeautifulGame\Pawn_Top_Black_PS.hlsl">
      <Filter>ABeautifulGame</Filter>
    </FXCompile>
    <FXCompile Include="G:\Engine_file\gameEngine\GameEngineStart\GameEngine\Asset\Shaders\hlsl\ABeautifulGame\Pawn_Top_Black_VS.hlsl">
      <Filter>ABeautifulGame</Filter>
    </FXCompile>
    <FXCompile Include="G:\Engine_file\gameEngine\GameEngineStart\GameEngine\Asset\Shaders\hlsl\ABeautifulGame\Pawn_Top_White_PS.hlsl">
      <Filter>ABeautifulGame</Filter>
    </FXCompile>
    <FXCompile Include="G:\Engine_file\gameEngine\GameEngineStart\GameEngine\Asset\Shaders\hlsl\ABeautifulGame\Pawn_Top_White_VS.hlsl">
      <Filter>ABeautifulGame</Filter>
    </FXCompile>
    <FXCompile Include="G:\Engine_file\gameEngine\GameEngineStart\GameEngine\Asset\Shaders\hlsl\ABeautifulGame\Queen_Black_PS.hlsl">
      <Filter>ABeautifulGame</Filter>
    </FXCompile>
    <FXCompile Include="G:\Engine_file\gameEngine\GameEngineStart\GameEngine\Asset\Shaders\hlsl\ABeautifulGame\Queen_Black_VS.hlsl">
      <Filter>ABeautifulGame</Filter>
    </FXCompile>
    <FXCompile Include="G:\Engine_file\gameEngine\GameEngineStart\GameEngine\Asset\Shaders\hlsl\ABeautifulGame\Queen_White_PS.hlsl">
      <Filter>ABeautifulGame</Filter>
    </FXCompile>
    <FXCompile Include="G:\Engine_file\gameEngine\GameEngineStart\GameEngine\Asset\Shaders\hlsl\ABeautifulGame\Queen_White_VS.hlsl">
      <Filter>ABeautifulGame</Filter>
    </FXCompile>
    <FXCompile Include="G:\Engine_file\gameEngine\GameEngineStart\GameEngine\Asset\Shaders\hlsl\EnvironmentTest\DielectricSpheresMat_PS.hlsl">
      <Filter>EnvironmentTest</Filter>
    </FXCompile>
    <FXCompile Include="G:\Engine_file\gameEngine\GameEngineStart\GameEngine\Asset\Shaders\hlsl\EnvironmentTest\DielectricSpheresMat_VS.hlsl">
      <Filter>EnvironmentTest</Filter>
    </FXCompile>
    <FXCompile Include="G:\Engine_file\gameEngine\GameEngineStart\GameEngine\Asset\Shaders\hlsl\EnvironmentTest\MetallicSpheresMat_PS.hlsl">
      <Filter>EnvironmentTest</Filter>
    </FXCompile>
    <FXCompile Include="G:\Engine_file\gameEngine\GameEngineStart\GameEngine\Asset\Shaders\hlsl\EnvironmentTest\MetallicSpheresMat_VS.hlsl">
      <Filter>EnvironmentTest</Filter>
    </FXCompile>
    <FXCompile Include="G:\Engine_file\gameEngine\GameEngineStart\GameEngine\Asset\Shaders\hlsl\SkyBox\SkyBox_PS.hlsl">
      <Filter>SkyBox</Filter>
    </FXCompile>
    <FXCompile Include="G:\Engine_file\gameEngine\GameEngineStart\GameEngine\Asset\Shaders\hlsl\SkyBox\SkyBox_VS.hlsl">
      <Filter>SkyBox</Filter>
    </FXCompile>
    <FXCompile Include="G:\Engine_file\gameEngine\GameEngineStart\GameEngine\Asset\Shaders\hlsl\Present\Present_PS.hlsl">
      <Filter>Present</Filter>
    </FXCompile>
    <FXCompile Include="G:\Engine_file\gameEngine\GameEngineStart\GameEngine\Asset\Shaders\hlsl\Present\Present_VS.hlsl">
      <Filter>Present</Filter>
    </FXCompile>
  </ItemGroup>
  <ItemGroup>
    <Filter Include="ABeautifulGame">
      <UniqueIdentifier>{6B978BE3-062F-3699-8F0D-7887B75B26D6}</UniqueIdentifier>
    </Filter>
    <Filter Include="Algorithm">
      <UniqueIdentifier>{163751F7-E18A-36C9-8AC1-E1FB6EF1C85B}</UniqueIdentifier>
    </Filter>
    <Filter Include="Cube">
      <UniqueIdentifier>{5EE46E82-6A0B-3A94-B140-4747C06BBA48}</UniqueIdentifier>
    </Filter>
    <Filter Include="EnvironmentTest">
      <UniqueIdentifier>{98AA0590-9A28-3C6E-9C9E-08F0105C4B94}</UniqueIdentifier>
    </Filter>
    <Filter Include="Present">
      <UniqueIdentifier>{C95F9EFD-04A5-3476-9B7D-6C0F1554362E}</UniqueIdentifier>
    </Filter>
    <Filter Include="SkyBox">
      <UniqueIdentifier>{CFD2ABE5-FCE4-33F9-84C2-66F56788860A}</UniqueIdentifier>
    </Filter>
    <Filter Include="Source Files">
      <UniqueIdentifier>{B28A35E5-AB63-33C1-9E52-328F03D46ED1}</UniqueIdentifier>
    </Filter>
    <Filter Include="ToyCar">
      <UniqueIdentifier>{C1F29E90-22D6-3FD1-A959-51915D619857}</UniqueIdentifier>
    </Filter>
  </ItemGroup>
</Project>
