<?xml version="1.0" encoding="utf-8"?>
<Project ToolsVersion="17.0" xmlns="http://schemas.microsoft.com/developer/msbuild/2003">
  <ItemGroup>
    <ClCompile Include="G:\Engine_file\gameEngine\GameEngineStart\GameEngine\Asset\Shaders\hlsl\main.cpp">
      <Filter>Source Files</Filter>
    </ClCompile>
  </ItemGroup>
  <ItemGroup>
    <CustomBuild Include="G:\Engine_file\gameEngine\GameEngineStart\GameEngine\Asset\Shaders\hlsl\CMakeLists.txt" />
  </ItemGroup>
  <ItemGroup>
    <FXCompile Include="G:\Engine_file\gameEngine\GameEngineStart\GameEngine\Asset\Shaders\hlsl\main4PS.hlsl" />
    <FXCompile Include="G:\Engine_file\gameEngine\GameEngineStart\GameEngine\Asset\Shaders\hlsl\main4VS.hlsl" />
    <FXCompile Include="G:\Engine_file\gameEngine\GameEngineStart\GameEngine\Asset\Shaders\hlsl\mainPS.hlsl" />
    <FXCompile Include="G:\Engine_file\gameEngine\GameEngineStart\GameEngine\Asset\Shaders\hlsl\mainVS.hlsl" />
  </ItemGroup>
  <ItemGroup>
    <Filter Include="Source Files">
      <UniqueIdentifier>{B28A35E5-AB63-33C1-9E52-328F03D46ED1}</UniqueIdentifier>
    </Filter>
  </ItemGroup>
</Project>
