<?xml version="1.0" encoding="utf-8"?>
<Project ToolsVersion="17.0" xmlns="http://schemas.microsoft.com/developer/msbuild/2003">
  <ItemGroup>
    <CustomBuild Include="G:\Engine_file\gameEngine\GameEngineStart\GameEngine\build_shader\CMakeFiles\87492459887b8d80eacfdc846e4cb90d\generate.stamp.rule">
      <Filter>CMake Rules</Filter>
    </CustomBuild>
  </ItemGroup>
  <ItemGroup>
    <Filter Include="CMake Rules">
      <UniqueIdentifier>{04ADE42D-15AD-3106-8D69-3B3979D041D0}</UniqueIdentifier>
    </Filter>
  </ItemGroup>
</Project>
